
Microsoft Visual Studio Solution File, Format Version 12.00
# Visual Studio Version 17
VisualStudioVersion = 17.4.33205.214
MinimumVisualStudioVersion = 10.0.40219.1
Project("{8BC9CEB8-8B4A-11D0-8D11-00A0C91BC942}") = "GPU_collision_detection", "GPU_collision_detection\GPU_collision_detection.vcxproj", "{74BF0D4A-EBBD-428C-B0A1-96E94B5ECBC1}"
EndProject
Global
	GlobalSection(SolutionConfigurationPlatforms) = preSolution
		Debug|x64 = Debug|x64
		Release|x64 = Release|x64
	EndGlobalSection
	GlobalSection(ProjectConfigurationPlatforms) = postSolution
		{74BF0D4A-EBBD-428C-B0A1-96E94B5ECBC1}.Debug|x64.ActiveCfg = Debug|x64
		{74BF0D4A-EBBD-428C-B0A1-96E94B5ECBC1}.Debug|x64.Build.0 = Debug|x64
		{74BF0D4A-EBBD-428C-B0A1-96E94B5ECBC1}.Release|x64.ActiveCfg = Release|x64
		{74BF0D4A-EBBD-428C-B0A1-96E94B5ECBC1}.Release|x64.Build.0 = Release|x64
	EndGlobalSection
	GlobalSection(SolutionProperties) = preSolution
		HideSolutionNode = FALSE
	EndGlobalSection
	GlobalSection(ExtensibilityGlobals) = postSolution
		SolutionGuid = {C78E5C5D-BCC6-4D91-AD0E-34FBC6F07591}
	EndGlobalSection
EndGlobal
